
Microsoft Visual Studio Solution File, Format Version 12.00
# Visual Studio 14
VisualStudioVersion = 14.0.25420.1
MinimumVisualStudioVersion = 10.0.40219.1
Project("{FAE04EC0-301F-11D3-BF4B-00C04F79EFBC}") = "ThinkNet", "ThinkNet\ThinkNet.csproj", "{A8FCD0BF-04FC-4628-B376-6861D63D9538}"
EndProject
Project("{FAE04EC0-301F-11D3-BF4B-00C04F79EFBC}") = "ThinkNet.Runtime", "ThinkNet.Runtime\ThinkNet.Runtime.csproj", "{7DD719E0-5AAA-4878-B259-5D8648D585FD}"
EndProject
Project("{FAE04EC0-301F-11D3-BF4B-00C04F79EFBC}") = "ThinkNet.Database", "ThinkNet.Database\ThinkNet.Database.csproj", "{1F193073-7698-455A-9516-3D6F4358ED35}"
EndProject
Project("{FAE04EC0-301F-11D3-BF4B-00C04F79EFBC}") = "ThinkNet.Database.EntityFramework", "Extensions\ThinkNet.Database.EntityFramework\ThinkNet.Database.EntityFramework.csproj", "{02BDD654-C2CF-4E20-B74D-E620BB5ED13B}"
EndProject
Project("{FAE04EC0-301F-11D3-BF4B-00C04F79EFBC}") = "ThinkNet.Database.NHibernate", "Extensions\ThinkNet.Database.NHibernate\ThinkNet.Database.NHibernate.csproj", "{1CC1E42F-B984-4668-94B0-EB322F833932}"
EndProject
Project("{2150E333-8FDC-42A3-9474-1A3956D46DE8}") = "Samples", "Samples", "{AD12C0F3-772D-4B49-92A1-132586E7D7E1}"
EndProject
Project("{FAE04EC0-301F-11D3-BF4B-00C04F79EFBC}") = "UserRegistration", "Samples\UserRegistration\UserRegistration.csproj", "{700AFC24-7314-493F-A47D-AFA41D756D28}"
EndProject
Project("{2150E333-8FDC-42A3-9474-1A3956D46DE8}") = "Extensions", "Extensions", "{DBF599A2-CA1B-452B-8259-15CFDB51EE11}"
EndProject
Project("{FAE04EC0-301F-11D3-BF4B-00C04F79EFBC}") = "ThinkNet.Runtime.Unity", "Extensions\ThinkNet.Runtime.Unity\ThinkNet.Runtime.Unity.csproj", "{7F73C3D8-27F3-4791-B781-9714FBF8DF8D}"
EndProject
Project("{FAE04EC0-301F-11D3-BF4B-00C04F79EFBC}") = "ThinkNet.Runtime.Kafka", "Extensions\ThinkNet.Runtime.Kafka\ThinkNet.Runtime.Kafka.csproj", "{FACEA926-7587-4D44-A013-050B2EEF3572}"
EndProject
Project("{FAE04EC0-301F-11D3-BF4B-00C04F79EFBC}") = "ThinkNet.Messaging", "ThinkNet.Messaging\ThinkNet.Messaging.csproj", "{9156B9CB-B550-49F4-84B4-576F852F7515}"
EndProject
Project("{FAE04EC0-301F-11D3-BF4B-00C04F79EFBC}") = "ThinkNet.Testing", "ThinkNet.Testing\ThinkNet.Testing.csproj", "{B99A48BC-2A23-42E9-B71E-C863EA918C9A}"
EndProject
Global
	GlobalSection(SolutionConfigurationPlatforms) = preSolution
		Debug|Any CPU = Debug|Any CPU
		Debug|Mixed Platforms = Debug|Mixed Platforms
		Debug|x86 = Debug|x86
		Release|Any CPU = Release|Any CPU
		Release|Mixed Platforms = Release|Mixed Platforms
		Release|x86 = Release|x86
	EndGlobalSection
	GlobalSection(ProjectConfigurationPlatforms) = postSolution
		{A8FCD0BF-04FC-4628-B376-6861D63D9538}.Debug|Any CPU.ActiveCfg = Debug|Any CPU
		{A8FCD0BF-04FC-4628-B376-6861D63D9538}.Debug|Any CPU.Build.0 = Debug|Any CPU
		{A8FCD0BF-04FC-4628-B376-6861D63D9538}.Debug|Mixed Platforms.ActiveCfg = Debug|Any CPU
		{A8FCD0BF-04FC-4628-B376-6861D63D9538}.Debug|Mixed Platforms.Build.0 = Debug|Any CPU
		{A8FCD0BF-04FC-4628-B376-6861D63D9538}.Debug|x86.ActiveCfg = Debug|Any CPU
		{A8FCD0BF-04FC-4628-B376-6861D63D9538}.Release|Any CPU.ActiveCfg = Release|Any CPU
		{A8FCD0BF-04FC-4628-B376-6861D63D9538}.Release|Any CPU.Build.0 = Release|Any CPU
		{A8FCD0BF-04FC-4628-B376-6861D63D9538}.Release|Mixed Platforms.ActiveCfg = Release|Any CPU
		{A8FCD0BF-04FC-4628-B376-6861D63D9538}.Release|Mixed Platforms.Build.0 = Release|Any CPU
		{A8FCD0BF-04FC-4628-B376-6861D63D9538}.Release|x86.ActiveCfg = Release|Any CPU
		{7DD719E0-5AAA-4878-B259-5D8648D585FD}.Debug|Any CPU.ActiveCfg = Debug|Any CPU
		{7DD719E0-5AAA-4878-B259-5D8648D585FD}.Debug|Any CPU.Build.0 = Debug|Any CPU
		{7DD719E0-5AAA-4878-B259-5D8648D585FD}.Debug|Mixed Platforms.ActiveCfg = Debug|Any CPU
		{7DD719E0-5AAA-4878-B259-5D8648D585FD}.Debug|Mixed Platforms.Build.0 = Debug|Any CPU
		{7DD719E0-5AAA-4878-B259-5D8648D585FD}.Debug|x86.ActiveCfg = Debug|Any CPU
		{7DD719E0-5AAA-4878-B259-5D8648D585FD}.Release|Any CPU.ActiveCfg = Release|Any CPU
		{7DD719E0-5AAA-4878-B259-5D8648D585FD}.Release|Any CPU.Build.0 = Release|Any CPU
		{7DD719E0-5AAA-4878-B259-5D8648D585FD}.Release|Mixed Platforms.ActiveCfg = Release|Any CPU
		{7DD719E0-5AAA-4878-B259-5D8648D585FD}.Release|Mixed Platforms.Build.0 = Release|Any CPU
		{7DD719E0-5AAA-4878-B259-5D8648D585FD}.Release|x86.ActiveCfg = Release|Any CPU
		{1F193073-7698-455A-9516-3D6F4358ED35}.Debug|Any CPU.ActiveCfg = Debug|Any CPU
		{1F193073-7698-455A-9516-3D6F4358ED35}.Debug|Any CPU.Build.0 = Debug|Any CPU
		{1F193073-7698-455A-9516-3D6F4358ED35}.Debug|Mixed Platforms.ActiveCfg = Debug|Any CPU
		{1F193073-7698-455A-9516-3D6F4358ED35}.Debug|Mixed Platforms.Build.0 = Debug|Any CPU
		{1F193073-7698-455A-9516-3D6F4358ED35}.Debug|x86.ActiveCfg = Debug|Any CPU
		{1F193073-7698-455A-9516-3D6F4358ED35}.Release|Any CPU.ActiveCfg = Release|Any CPU
		{1F193073-7698-455A-9516-3D6F4358ED35}.Release|Any CPU.Build.0 = Release|Any CPU
		{1F193073-7698-455A-9516-3D6F4358ED35}.Release|Mixed Platforms.ActiveCfg = Release|Any CPU
		{1F193073-7698-455A-9516-3D6F4358ED35}.Release|Mixed Platforms.Build.0 = Release|Any CPU
		{1F193073-7698-455A-9516-3D6F4358ED35}.Release|x86.ActiveCfg = Release|Any CPU
		{02BDD654-C2CF-4E20-B74D-E620BB5ED13B}.Debug|Any CPU.ActiveCfg = Debug|Any CPU
		{02BDD654-C2CF-4E20-B74D-E620BB5ED13B}.Debug|Any CPU.Build.0 = Debug|Any CPU
		{02BDD654-C2CF-4E20-B74D-E620BB5ED13B}.Debug|Mixed Platforms.ActiveCfg = Debug|Any CPU
		{02BDD654-C2CF-4E20-B74D-E620BB5ED13B}.Debug|Mixed Platforms.Build.0 = Debug|Any CPU
		{02BDD654-C2CF-4E20-B74D-E620BB5ED13B}.Debug|x86.ActiveCfg = Debug|Any CPU
		{02BDD654-C2CF-4E20-B74D-E620BB5ED13B}.Release|Any CPU.ActiveCfg = Release|Any CPU
		{02BDD654-C2CF-4E20-B74D-E620BB5ED13B}.Release|Any CPU.Build.0 = Release|Any CPU
		{02BDD654-C2CF-4E20-B74D-E620BB5ED13B}.Release|Mixed Platforms.ActiveCfg = Release|Any CPU
		{02BDD654-C2CF-4E20-B74D-E620BB5ED13B}.Release|Mixed Platforms.Build.0 = Release|Any CPU
		{02BDD654-C2CF-4E20-B74D-E620BB5ED13B}.Release|x86.ActiveCfg = Release|Any CPU
		{1CC1E42F-B984-4668-94B0-EB322F833932}.Debug|Any CPU.ActiveCfg = Debug|Any CPU
		{1CC1E42F-B984-4668-94B0-EB322F833932}.Debug|Any CPU.Build.0 = Debug|Any CPU
		{1CC1E42F-B984-4668-94B0-EB322F833932}.Debug|Mixed Platforms.ActiveCfg = Debug|Any CPU
		{1CC1E42F-B984-4668-94B0-EB322F833932}.Debug|Mixed Platforms.Build.0 = Debug|Any CPU
		{1CC1E42F-B984-4668-94B0-EB322F833932}.Debug|x86.ActiveCfg = Debug|Any CPU
		{1CC1E42F-B984-4668-94B0-EB322F833932}.Release|Any CPU.ActiveCfg = Release|Any CPU
		{1CC1E42F-B984-4668-94B0-EB322F833932}.Release|Any CPU.Build.0 = Release|Any CPU
		{1CC1E42F-B984-4668-94B0-EB322F833932}.Release|Mixed Platforms.ActiveCfg = Release|Any CPU
		{1CC1E42F-B984-4668-94B0-EB322F833932}.Release|Mixed Platforms.Build.0 = Release|Any CPU
		{1CC1E42F-B984-4668-94B0-EB322F833932}.Release|x86.ActiveCfg = Release|Any CPU
		{700AFC24-7314-493F-A47D-AFA41D756D28}.Debug|Any CPU.ActiveCfg = Debug|Any CPU
		{700AFC24-7314-493F-A47D-AFA41D756D28}.Debug|Any CPU.Build.0 = Debug|Any CPU
		{700AFC24-7314-493F-A47D-AFA41D756D28}.Debug|Mixed Platforms.ActiveCfg = Debug|Any CPU
		{700AFC24-7314-493F-A47D-AFA41D756D28}.Debug|Mixed Platforms.Build.0 = Debug|Any CPU
		{700AFC24-7314-493F-A47D-AFA41D756D28}.Debug|x86.ActiveCfg = Debug|Any CPU
		{700AFC24-7314-493F-A47D-AFA41D756D28}.Release|Any CPU.ActiveCfg = Release|Any CPU
		{700AFC24-7314-493F-A47D-AFA41D756D28}.Release|Any CPU.Build.0 = Release|Any CPU
		{700AFC24-7314-493F-A47D-AFA41D756D28}.Release|Mixed Platforms.ActiveCfg = Release|Any CPU
		{700AFC24-7314-493F-A47D-AFA41D756D28}.Release|Mixed Platforms.Build.0 = Release|Any CPU
		{700AFC24-7314-493F-A47D-AFA41D756D28}.Release|x86.ActiveCfg = Release|Any CPU
		{7F73C3D8-27F3-4791-B781-9714FBF8DF8D}.Debug|Any CPU.ActiveCfg = Debug|Any CPU
		{7F73C3D8-27F3-4791-B781-9714FBF8DF8D}.Debug|Any CPU.Build.0 = Debug|Any CPU
		{7F73C3D8-27F3-4791-B781-9714FBF8DF8D}.Debug|Mixed Platforms.ActiveCfg = Debug|Any CPU
		{7F73C3D8-27F3-4791-B781-9714FBF8DF8D}.Debug|Mixed Platforms.Build.0 = Debug|Any CPU
		{7F73C3D8-27F3-4791-B781-9714FBF8DF8D}.Debug|x86.ActiveCfg = Debug|Any CPU
		{7F73C3D8-27F3-4791-B781-9714FBF8DF8D}.Release|Any CPU.ActiveCfg = Release|Any CPU
		{7F73C3D8-27F3-4791-B781-9714FBF8DF8D}.Release|Any CPU.Build.0 = Release|Any CPU
		{7F73C3D8-27F3-4791-B781-9714FBF8DF8D}.Release|Mixed Platforms.ActiveCfg = Release|Any CPU
		{7F73C3D8-27F3-4791-B781-9714FBF8DF8D}.Release|Mixed Platforms.Build.0 = Release|Any CPU
		{7F73C3D8-27F3-4791-B781-9714FBF8DF8D}.Release|x86.ActiveCfg = Release|Any CPU
		{FACEA926-7587-4D44-A013-050B2EEF3572}.Debug|Any CPU.ActiveCfg = Debug|Any CPU
		{FACEA926-7587-4D44-A013-050B2EEF3572}.Debug|Any CPU.Build.0 = Debug|Any CPU
		{FACEA926-7587-4D44-A013-050B2EEF3572}.Debug|Mixed Platforms.ActiveCfg = Debug|Any CPU
		{FACEA926-7587-4D44-A013-050B2EEF3572}.Debug|Mixed Platforms.Build.0 = Debug|Any CPU
		{FACEA926-7587-4D44-A013-050B2EEF3572}.Debug|x86.ActiveCfg = Debug|Any CPU
		{FACEA926-7587-4D44-A013-050B2EEF3572}.Release|Any CPU.ActiveCfg = Release|Any CPU
		{FACEA926-7587-4D44-A013-050B2EEF3572}.Release|Any CPU.Build.0 = Release|Any CPU
		{FACEA926-7587-4D44-A013-050B2EEF3572}.Release|Mixed Platforms.ActiveCfg = Release|Any CPU
		{FACEA926-7587-4D44-A013-050B2EEF3572}.Release|Mixed Platforms.Build.0 = Release|Any CPU
		{FACEA926-7587-4D44-A013-050B2EEF3572}.Release|x86.ActiveCfg = Release|Any CPU
		{9156B9CB-B550-49F4-84B4-576F852F7515}.Debug|Any CPU.ActiveCfg = Debug|Any CPU
		{9156B9CB-B550-49F4-84B4-576F852F7515}.Debug|Any CPU.Build.0 = Debug|Any CPU
		{9156B9CB-B550-49F4-84B4-576F852F7515}.Debug|Mixed Platforms.ActiveCfg = Debug|Any CPU
		{9156B9CB-B550-49F4-84B4-576F852F7515}.Debug|Mixed Platforms.Build.0 = Debug|Any CPU
		{9156B9CB-B550-49F4-84B4-576F852F7515}.Debug|x86.ActiveCfg = Debug|Any CPU
		{9156B9CB-B550-49F4-84B4-576F852F7515}.Debug|x86.Build.0 = Debug|Any CPU
		{9156B9CB-B550-49F4-84B4-576F852F7515}.Release|Any CPU.ActiveCfg = Release|Any CPU
		{9156B9CB-B550-49F4-84B4-576F852F7515}.Release|Any CPU.Build.0 = Release|Any CPU
		{9156B9CB-B550-49F4-84B4-576F852F7515}.Release|Mixed Platforms.ActiveCfg = Release|Any CPU
		{9156B9CB-B550-49F4-84B4-576F852F7515}.Release|Mixed Platforms.Build.0 = Release|Any CPU
		{9156B9CB-B550-49F4-84B4-576F852F7515}.Release|x86.ActiveCfg = Release|Any CPU
		{9156B9CB-B550-49F4-84B4-576F852F7515}.Release|x86.Build.0 = Release|Any CPU
		{B99A48BC-2A23-42E9-B71E-C863EA918C9A}.Debug|Any CPU.ActiveCfg = Debug|Any CPU
		{B99A48BC-2A23-42E9-B71E-C863EA918C9A}.Debug|Any CPU.Build.0 = Debug|Any CPU
		{B99A48BC-2A23-42E9-B71E-C863EA918C9A}.Debug|Mixed Platforms.ActiveCfg = Debug|Any CPU
		{B99A48BC-2A23-42E9-B71E-C863EA918C9A}.Debug|Mixed Platforms.Build.0 = Debug|Any CPU
		{B99A48BC-2A23-42E9-B71E-C863EA918C9A}.Debug|x86.ActiveCfg = Debug|Any CPU
		{B99A48BC-2A23-42E9-B71E-C863EA918C9A}.Debug|x86.Build.0 = Debug|Any CPU
		{B99A48BC-2A23-42E9-B71E-C863EA918C9A}.Release|Any CPU.ActiveCfg = Release|Any CPU
		{B99A48BC-2A23-42E9-B71E-C863EA918C9A}.Release|Any CPU.Build.0 = Release|Any CPU
		{B99A48BC-2A23-42E9-B71E-C863EA918C9A}.Release|Mixed Platforms.ActiveCfg = Release|Any CPU
		{B99A48BC-2A23-42E9-B71E-C863EA918C9A}.Release|Mixed Platforms.Build.0 = Release|Any CPU
		{B99A48BC-2A23-42E9-B71E-C863EA918C9A}.Release|x86.ActiveCfg = Release|Any CPU
		{B99A48BC-2A23-42E9-B71E-C863EA918C9A}.Release|x86.Build.0 = Release|Any CPU
	EndGlobalSection
	GlobalSection(SolutionProperties) = preSolution
		HideSolutionNode = FALSE
	EndGlobalSection
	GlobalSection(NestedProjects) = preSolution
		{02BDD654-C2CF-4E20-B74D-E620BB5ED13B} = {DBF599A2-CA1B-452B-8259-15CFDB51EE11}
		{1CC1E42F-B984-4668-94B0-EB322F833932} = {DBF599A2-CA1B-452B-8259-15CFDB51EE11}
		{700AFC24-7314-493F-A47D-AFA41D756D28} = {AD12C0F3-772D-4B49-92A1-132586E7D7E1}
		{7F73C3D8-27F3-4791-B781-9714FBF8DF8D} = {DBF599A2-CA1B-452B-8259-15CFDB51EE11}
		{FACEA926-7587-4D44-A013-050B2EEF3572} = {DBF599A2-CA1B-452B-8259-15CFDB51EE11}
	EndGlobalSection
	GlobalSection(ExtensibilityGlobals) = postSolution
		EnterpriseLibraryConfigurationToolBinariesPath = packages\Unity.2.1.505.0\lib\NET35;packages\Unity.Interception.2.1.505.2\lib\NET35;packages\Unity.2.1.505.2\lib\NET35
	EndGlobalSection
EndGlobal
